
Microsoft Visual Studio Solution File, Format Version 12.00
# Visual Studio Version 16
VisualStudioVersion = 16.0.29326.143
MinimumVisualStudioVersion = 10.0.40219.1
Project("{FAE04EC0-301F-11D3-BF4B-00C04F79EFBC}") = "MalkaBookShop", "MalkaBookShop\MalkaBookShop.csproj", "{704B71D0-9832-453C-8B3A-C67249ECB916}"
EndProject
Global
	GlobalSection(SolutionConfigurationPlatforms) = preSolution
		Debug|Any CPU = Debug|Any CPU
		Release|Any CPU = Release|Any CPU
	EndGlobalSection
	GlobalSection(ProjectConfigurationPlatforms) = postSolution
		{704B71D0-9832-453C-8B3A-C67249ECB916}.Debug|Any CPU.ActiveCfg = Debug|Any CPU
		{704B71D0-9832-453C-8B3A-C67249ECB916}.Debug|Any CPU.Build.0 = Debug|Any CPU
		{704B71D0-9832-453C-8B3A-C67249ECB916}.Release|Any CPU.ActiveCfg = Release|Any CPU
		{704B71D0-9832-453C-8B3A-C67249ECB916}.Release|Any CPU.Build.0 = Release|Any CPU
	EndGlobalSection
	GlobalSection(SolutionProperties) = preSolution
		HideSolutionNode = FALSE
	EndGlobalSection
	GlobalSection(ExtensibilityGlobals) = postSolution
		SolutionGuid = {EAF0292F-BB8A-4338-8A17-6A84889ABB1F}
	EndGlobalSection
EndGlobal
